
Microsoft Visual Studio Solution File, Format Version 12.00
# Visual Studio Version 16
VisualStudioVersion = 16.0.30804.86
MinimumVisualStudioVersion = 10.0.40219.1
Project("{FAE04EC0-301F-11D3-BF4B-00C04F79EFBC}") = "DictionaryDemo", "DictionaryDemo\DictionaryDemo.csproj", "{0C44417E-DD27-4FC0-8A0D-C8D288C8D9C3}"
EndProject
Global
	GlobalSection(SolutionConfigurationPlatforms) = preSolution
		Debug|Any CPU = Debug|Any CPU
		Release|Any CPU = Release|Any CPU
	EndGlobalSection
	GlobalSection(ProjectConfigurationPlatforms) = postSolution
		{0C44417E-DD27-4FC0-8A0D-C8D288C8D9C3}.Debug|Any CPU.ActiveCfg = Debug|Any CPU
		{0C44417E-DD27-4FC0-8A0D-C8D288C8D9C3}.Debug|Any CPU.Build.0 = Debug|Any CPU
		{0C44417E-DD27-4FC0-8A0D-C8D288C8D9C3}.Release|Any CPU.ActiveCfg = Release|Any CPU
		{0C44417E-DD27-4FC0-8A0D-C8D288C8D9C3}.Release|Any CPU.Build.0 = Release|Any CPU
	EndGlobalSection
	GlobalSection(SolutionProperties) = preSolution
		HideSolutionNode = FALSE
	EndGlobalSection
	GlobalSection(ExtensibilityGlobals) = postSolution
		SolutionGuid = {9C526858-73FC-4214-8D72-ECAA01F87B88}
	EndGlobalSection
EndGlobal
